// !$*UTF8*$!
{
	archiveVersion = 1;
	classes = {
	};
	objectVersion = 56;
	objects = {

/* Begin PBXBuildFile section */
		0212CBC32BA56F570098D002 /* MusicRouter.swift in Sources */ = {isa = PBXBuildFile; fileRef = 0212CBC22BA56F570098D002 /* MusicRouter.swift */; };
		0212CBC52BA56FBF0098D002 /* MusicRepository.swift in Sources */ = {isa = PBXBuildFile; fileRef = 0212CBC42BA56FBF0098D002 /* MusicRepository.swift */; };
		0212CBC72BA56FCB0098D002 /* MusicRepositoryImpl.swift in Sources */ = {isa = PBXBuildFile; fileRef = 0212CBC62BA56FCB0098D002 /* MusicRepositoryImpl.swift */; };
		0212CBCC2BA577EB0098D002 /* UIColor+Extension.swift in Sources */ = {isa = PBXBuildFile; fileRef = 0212CBCB2BA577EB0098D002 /* UIColor+Extension.swift */; };
		0212CBCF2BA578C70098D002 /* MusicViewModel.swift in Sources */ = {isa = PBXBuildFile; fileRef = 0212CBCE2BA578C70098D002 /* MusicViewModel.swift */; };
		026843B52BA5664C005679F8 /* Music.swift in Sources */ = {isa = PBXBuildFile; fileRef = 026843B42BA5664C005679F8 /* Music.swift */; };
		027580962BA5532000E7031B /* AppDelegate.swift in Sources */ = {isa = PBXBuildFile; fileRef = 027580952BA5532000E7031B /* AppDelegate.swift */; };
		027580982BA5532000E7031B /* SceneDelegate.swift in Sources */ = {isa = PBXBuildFile; fileRef = 027580972BA5532000E7031B /* SceneDelegate.swift */; };
		0275809A2BA5532000E7031B /* MusicPlayViewController.swift in Sources */ = {isa = PBXBuildFile; fileRef = 027580992BA5532000E7031B /* MusicPlayViewController.swift */; };
		027580A22BA5532100E7031B /* Assets.xcassets in Resources */ = {isa = PBXBuildFile; fileRef = 027580A12BA5532100E7031B /* Assets.xcassets */; };
		027580A52BA5532100E7031B /* LaunchScreen.storyboard in Resources */ = {isa = PBXBuildFile; fileRef = 027580A32BA5532100E7031B /* LaunchScreen.storyboard */; };
		027580B02BA5532100E7031B /* FLO_RXTests.swift in Sources */ = {isa = PBXBuildFile; fileRef = 027580AF2BA5532100E7031B /* FLO_RXTests.swift */; };
		027580BA2BA5532100E7031B /* FLO_RXUITests.swift in Sources */ = {isa = PBXBuildFile; fileRef = 027580B92BA5532100E7031B /* FLO_RXUITests.swift */; };
		027580BC2BA5532100E7031B /* FLO_RXUITestsLaunchTests.swift in Sources */ = {isa = PBXBuildFile; fileRef = 027580BB2BA5532100E7031B /* FLO_RXUITestsLaunchTests.swift */; };
		02A34D162BAC3DA4003A78AA /* LyricsViewController.swift in Sources */ = {isa = PBXBuildFile; fileRef = 02A34D152BAC3DA4003A78AA /* LyricsViewController.swift */; };
		02A34D182BAD5D3F003A78AA /* LyricsTableViewCell.swift in Sources */ = {isa = PBXBuildFile; fileRef = 02A34D172BAD5D3F003A78AA /* LyricsTableViewCell.swift */; };
		25A5C0FA7CD305F9C3A3CCB6 /* Pods_FLO_RX_FLO_RXUITests.framework in Frameworks */ = {isa = PBXBuildFile; fileRef = 39674BE3E9F23DB5136D332B /* Pods_FLO_RX_FLO_RXUITests.framework */; };
		7B0B15DE10BD7162386E4C93 /* Pods_FLO_RX.framework in Frameworks */ = {isa = PBXBuildFile; fileRef = 804D3104584D4CDE40A45EA3 /* Pods_FLO_RX.framework */; };
		C217AE143C58C98E52B0B1F3 /* Pods_FLO_RXTests.framework in Frameworks */ = {isa = PBXBuildFile; fileRef = 4EB64EE0C4ECC096908E71A0 /* Pods_FLO_RXTests.framework */; };
/* End PBXBuildFile section */

/* Begin PBXContainerItemProxy section */
		027580AC2BA5532100E7031B /* PBXContainerItemProxy */ = {
			isa = PBXContainerItemProxy;
			containerPortal = 0275808A2BA5532000E7031B /* Project object */;
			proxyType = 1;
			remoteGlobalIDString = 027580912BA5532000E7031B;
			remoteInfo = "FLO-RX";
		};
		027580B62BA5532100E7031B /* PBXContainerItemProxy */ = {
			isa = PBXContainerItemProxy;
			containerPortal = 0275808A2BA5532000E7031B /* Project object */;
			proxyType = 1;
			remoteGlobalIDString = 027580912BA5532000E7031B;
			remoteInfo = "FLO-RX";
		};
/* End PBXContainerItemProxy section */

/* Begin PBXFileReference section */
		0212CBC22BA56F570098D002 /* MusicRouter.swift */ = {isa = PBXFileReference; lastKnownFileType = sourcecode.swift; path = MusicRouter.swift; sourceTree = "<group>"; };
		0212CBC42BA56FBF0098D002 /* MusicRepository.swift */ = {isa = PBXFileReference; lastKnownFileType = sourcecode.swift; path = MusicRepository.swift; sourceTree = "<group>"; };
		0212CBC62BA56FCB0098D002 /* MusicRepositoryImpl.swift */ = {isa = PBXFileReference; lastKnownFileType = sourcecode.swift; path = MusicRepositoryImpl.swift; sourceTree = "<group>"; };
		0212CBCB2BA577EB0098D002 /* UIColor+Extension.swift */ = {isa = PBXFileReference; lastKnownFileType = sourcecode.swift; path = "UIColor+Extension.swift"; sourceTree = "<group>"; };
		0212CBCE2BA578C70098D002 /* MusicViewModel.swift */ = {isa = PBXFileReference; lastKnownFileType = sourcecode.swift; path = MusicViewModel.swift; sourceTree = "<group>"; };
		026843B42BA5664C005679F8 /* Music.swift */ = {isa = PBXFileReference; lastKnownFileType = sourcecode.swift; path = Music.swift; sourceTree = "<group>"; };
		027580922BA5532000E7031B /* FLO-RX.app */ = {isa = PBXFileReference; explicitFileType = wrapper.application; includeInIndex = 0; path = "FLO-RX.app"; sourceTree = BUILT_PRODUCTS_DIR; };
		027580952BA5532000E7031B /* AppDelegate.swift */ = {isa = PBXFileReference; lastKnownFileType = sourcecode.swift; path = AppDelegate.swift; sourceTree = "<group>"; };
		027580972BA5532000E7031B /* SceneDelegate.swift */ = {isa = PBXFileReference; lastKnownFileType = sourcecode.swift; path = SceneDelegate.swift; sourceTree = "<group>"; };
		027580992BA5532000E7031B /* MusicPlayViewController.swift */ = {isa = PBXFileReference; lastKnownFileType = sourcecode.swift; path = MusicPlayViewController.swift; sourceTree = "<group>"; };
		027580A12BA5532100E7031B /* Assets.xcassets */ = {isa = PBXFileReference; lastKnownFileType = folder.assetcatalog; path = Assets.xcassets; sourceTree = "<group>"; };
		027580A42BA5532100E7031B /* Base */ = {isa = PBXFileReference; lastKnownFileType = file.storyboard; name = Base; path = Base.lproj/LaunchScreen.storyboard; sourceTree = "<group>"; };
		027580AB2BA5532100E7031B /* FLO-RXTests.xctest */ = {isa = PBXFileReference; explicitFileType = wrapper.cfbundle; includeInIndex = 0; path = "FLO-RXTests.xctest"; sourceTree = BUILT_PRODUCTS_DIR; };
		027580AF2BA5532100E7031B /* FLO_RXTests.swift */ = {isa = PBXFileReference; lastKnownFileType = sourcecode.swift; path = FLO_RXTests.swift; sourceTree = "<group>"; };
		027580B52BA5532100E7031B /* FLO-RXUITests.xctest */ = {isa = PBXFileReference; explicitFileType = wrapper.cfbundle; includeInIndex = 0; path = "FLO-RXUITests.xctest"; sourceTree = BUILT_PRODUCTS_DIR; };
		027580B92BA5532100E7031B /* FLO_RXUITests.swift */ = {isa = PBXFileReference; lastKnownFileType = sourcecode.swift; path = FLO_RXUITests.swift; sourceTree = "<group>"; };
		027580BB2BA5532100E7031B /* FLO_RXUITestsLaunchTests.swift */ = {isa = PBXFileReference; lastKnownFileType = sourcecode.swift; path = FLO_RXUITestsLaunchTests.swift; sourceTree = "<group>"; };
		02A34D152BAC3DA4003A78AA /* LyricsViewController.swift */ = {isa = PBXFileReference; lastKnownFileType = sourcecode.swift; path = LyricsViewController.swift; sourceTree = "<group>"; };
		02A34D172BAD5D3F003A78AA /* LyricsTableViewCell.swift */ = {isa = PBXFileReference; lastKnownFileType = sourcecode.swift; path = LyricsTableViewCell.swift; sourceTree = "<group>"; };
		39674BE3E9F23DB5136D332B /* Pods_FLO_RX_FLO_RXUITests.framework */ = {isa = PBXFileReference; explicitFileType = wrapper.framework; includeInIndex = 0; path = Pods_FLO_RX_FLO_RXUITests.framework; sourceTree = BUILT_PRODUCTS_DIR; };
		417BEBFD74EAC0CCB932CA07 /* Pods-FLO-RX.release.xcconfig */ = {isa = PBXFileReference; includeInIndex = 1; lastKnownFileType = text.xcconfig; name = "Pods-FLO-RX.release.xcconfig"; path = "Target Support Files/Pods-FLO-RX/Pods-FLO-RX.release.xcconfig"; sourceTree = "<group>"; };
		4788AC1C7112EF08178362C2 /* Pods-FLO-RX-FLO-RXUITests.release.xcconfig */ = {isa = PBXFileReference; includeInIndex = 1; lastKnownFileType = text.xcconfig; name = "Pods-FLO-RX-FLO-RXUITests.release.xcconfig"; path = "Target Support Files/Pods-FLO-RX-FLO-RXUITests/Pods-FLO-RX-FLO-RXUITests.release.xcconfig"; sourceTree = "<group>"; };
		4EB64EE0C4ECC096908E71A0 /* Pods_FLO_RXTests.framework */ = {isa = PBXFileReference; explicitFileType = wrapper.framework; includeInIndex = 0; path = Pods_FLO_RXTests.framework; sourceTree = BUILT_PRODUCTS_DIR; };
		7B9FDABA0A3E70A3CD13E052 /* Pods-FLO-RXTests.release.xcconfig */ = {isa = PBXFileReference; includeInIndex = 1; lastKnownFileType = text.xcconfig; name = "Pods-FLO-RXTests.release.xcconfig"; path = "Target Support Files/Pods-FLO-RXTests/Pods-FLO-RXTests.release.xcconfig"; sourceTree = "<group>"; };
		804D3104584D4CDE40A45EA3 /* Pods_FLO_RX.framework */ = {isa = PBXFileReference; explicitFileType = wrapper.framework; includeInIndex = 0; path = Pods_FLO_RX.framework; sourceTree = BUILT_PRODUCTS_DIR; };
		D1B2025F3186316F85159D20 /* Pods-FLO-RX-FLO-RXUITests.debug.xcconfig */ = {isa = PBXFileReference; includeInIndex = 1; lastKnownFileType = text.xcconfig; name = "Pods-FLO-RX-FLO-RXUITests.debug.xcconfig"; path = "Target Support Files/Pods-FLO-RX-FLO-RXUITests/Pods-FLO-RX-FLO-RXUITests.debug.xcconfig"; sourceTree = "<group>"; };
		D555703BDAC11F81AFEF148D /* Pods-FLO-RXTests.debug.xcconfig */ = {isa = PBXFileReference; includeInIndex = 1; lastKnownFileType = text.xcconfig; name = "Pods-FLO-RXTests.debug.xcconfig"; path = "Target Support Files/Pods-FLO-RXTests/Pods-FLO-RXTests.debug.xcconfig"; sourceTree = "<group>"; };
		DE41BF7D6BD1683650835582 /* Pods-FLO-RX.debug.xcconfig */ = {isa = PBXFileReference; includeInIndex = 1; lastKnownFileType = text.xcconfig; name = "Pods-FLO-RX.debug.xcconfig"; path = "Target Support Files/Pods-FLO-RX/Pods-FLO-RX.debug.xcconfig"; sourceTree = "<group>"; };
/* End PBXFileReference section */

/* Begin PBXFrameworksBuildPhase section */
		0275808F2BA5532000E7031B /* Frameworks */ = {
			isa = PBXFrameworksBuildPhase;
			buildActionMask = 2147483647;
			files = (
				7B0B15DE10BD7162386E4C93 /* Pods_FLO_RX.framework in Frameworks */,
			);
			runOnlyForDeploymentPostprocessing = 0;
		};
		027580A82BA5532100E7031B /* Frameworks */ = {
			isa = PBXFrameworksBuildPhase;
			buildActionMask = 2147483647;
			files = (
				C217AE143C58C98E52B0B1F3 /* Pods_FLO_RXTests.framework in Frameworks */,
			);
			runOnlyForDeploymentPostprocessing = 0;
		};
		027580B22BA5532100E7031B /* Frameworks */ = {
			isa = PBXFrameworksBuildPhase;
			buildActionMask = 2147483647;
			files = (
				25A5C0FA7CD305F9C3A3CCB6 /* Pods_FLO_RX_FLO_RXUITests.framework in Frameworks */,
			);
			runOnlyForDeploymentPostprocessing = 0;
		};
/* End PBXFrameworksBuildPhase section */

/* Begin PBXGroup section */
		0212CBC12BA56F440098D002 /* Music */ = {
			isa = PBXGroup;
			children = (
				0212CBC22BA56F570098D002 /* MusicRouter.swift */,
				0212CBC42BA56FBF0098D002 /* MusicRepository.swift */,
				0212CBC62BA56FCB0098D002 /* MusicRepositoryImpl.swift */,
			);
			path = Music;
			sourceTree = "<group>";
		};
		0212CBC82BA572520098D002 /* Network */ = {
			isa = PBXGroup;
			children = (
			);
			path = Network;
			sourceTree = "<group>";
		};
		0212CBCA2BA577C20098D002 /* Sources */ = {
			isa = PBXGroup;
			children = (
				026843AE2BA5650A005679F8 /* Delegates */,
				0212CBCD2BA5781E0098D002 /* Extensions */,
				026843B12BA56524005679F8 /* Models */,
				026843B62BA566A7005679F8 /* Repositories */,
				0212CBC82BA572520098D002 /* Network */,
				026843B22BA5652B005679F8 /* ViewModels */,
				026843B02BA5651E005679F8 /* Views */,
				026843AF2BA56514005679F8 /* ViewControllers */,
				027580A32BA5532100E7031B /* LaunchScreen.storyboard */,
			);
			path = Sources;
			sourceTree = "<group>";
		};
		0212CBCD2BA5781E0098D002 /* Extensions */ = {
			isa = PBXGroup;
			children = (
				0212CBCB2BA577EB0098D002 /* UIColor+Extension.swift */,
			);
			path = Extensions;
			sourceTree = "<group>";
		};
		026843AE2BA5650A005679F8 /* Delegates */ = {
			isa = PBXGroup;
			children = (
				027580952BA5532000E7031B /* AppDelegate.swift */,
				027580972BA5532000E7031B /* SceneDelegate.swift */,
			);
			path = Delegates;
			sourceTree = "<group>";
		};
		026843AF2BA56514005679F8 /* ViewControllers */ = {
			isa = PBXGroup;
			children = (
				027580992BA5532000E7031B /* MusicPlayViewController.swift */,
				02A34D152BAC3DA4003A78AA /* LyricsViewController.swift */,
			);
			path = ViewControllers;
			sourceTree = "<group>";
		};
		026843B02BA5651E005679F8 /* Views */ = {
			isa = PBXGroup;
			children = (
				02A34D172BAD5D3F003A78AA /* LyricsTableViewCell.swift */,
			);
			path = Views;
			sourceTree = "<group>";
		};
		026843B12BA56524005679F8 /* Models */ = {
			isa = PBXGroup;
			children = (
				026843B42BA5664C005679F8 /* Music.swift */,
			);
			path = Models;
			sourceTree = "<group>";
		};
		026843B22BA5652B005679F8 /* ViewModels */ = {
			isa = PBXGroup;
			children = (
				0212CBCE2BA578C70098D002 /* MusicViewModel.swift */,
			);
			path = ViewModels;
			sourceTree = "<group>";
		};
		026843B32BA56552005679F8 /* Resources */ = {
			isa = PBXGroup;
			children = (
				027580A12BA5532100E7031B /* Assets.xcassets */,
			);
			path = Resources;
			sourceTree = "<group>";
		};
		026843B62BA566A7005679F8 /* Repositories */ = {
			isa = PBXGroup;
			children = (
				0212CBC12BA56F440098D002 /* Music */,
			);
			path = Repositories;
			sourceTree = "<group>";
		};
		027580892BA5532000E7031B = {
			isa = PBXGroup;
			children = (
				027580942BA5532000E7031B /* FLO-RX */,
				027580AE2BA5532100E7031B /* FLO-RXTests */,
				027580B82BA5532100E7031B /* FLO-RXUITests */,
				027580932BA5532000E7031B /* Products */,
				FB0D23C8596FDA8B5F3AC36E /* Pods */,
				527825614845D2AAE613BA5D /* Frameworks */,
			);
			sourceTree = "<group>";
		};
		027580932BA5532000E7031B /* Products */ = {
			isa = PBXGroup;
			children = (
				027580922BA5532000E7031B /* FLO-RX.app */,
				027580AB2BA5532100E7031B /* FLO-RXTests.xctest */,
				027580B52BA5532100E7031B /* FLO-RXUITests.xctest */,
			);
			name = Products;
			sourceTree = "<group>";
		};
		027580942BA5532000E7031B /* FLO-RX */ = {
			isa = PBXGroup;
			children = (
				026843B32BA56552005679F8 /* Resources */,
				0212CBCA2BA577C20098D002 /* Sources */,
			);
			path = "FLO-RX";
			sourceTree = "<group>";
		};
		027580AE2BA5532100E7031B /* FLO-RXTests */ = {
			isa = PBXGroup;
			children = (
				027580AF2BA5532100E7031B /* FLO_RXTests.swift */,
			);
			path = "FLO-RXTests";
			sourceTree = "<group>";
		};
		027580B82BA5532100E7031B /* FLO-RXUITests */ = {
			isa = PBXGroup;
			children = (
				027580B92BA5532100E7031B /* FLO_RXUITests.swift */,
				027580BB2BA5532100E7031B /* FLO_RXUITestsLaunchTests.swift */,
			);
			path = "FLO-RXUITests";
			sourceTree = "<group>";
		};
		527825614845D2AAE613BA5D /* Frameworks */ = {
			isa = PBXGroup;
			children = (
				804D3104584D4CDE40A45EA3 /* Pods_FLO_RX.framework */,
				39674BE3E9F23DB5136D332B /* Pods_FLO_RX_FLO_RXUITests.framework */,
				4EB64EE0C4ECC096908E71A0 /* Pods_FLO_RXTests.framework */,
			);
			name = Frameworks;
			sourceTree = "<group>";
		};
		FB0D23C8596FDA8B5F3AC36E /* Pods */ = {
			isa = PBXGroup;
			children = (
				DE41BF7D6BD1683650835582 /* Pods-FLO-RX.debug.xcconfig */,
				417BEBFD74EAC0CCB932CA07 /* Pods-FLO-RX.release.xcconfig */,
				D1B2025F3186316F85159D20 /* Pods-FLO-RX-FLO-RXUITests.debug.xcconfig */,
				4788AC1C7112EF08178362C2 /* Pods-FLO-RX-FLO-RXUITests.release.xcconfig */,
				D555703BDAC11F81AFEF148D /* Pods-FLO-RXTests.debug.xcconfig */,
				7B9FDABA0A3E70A3CD13E052 /* Pods-FLO-RXTests.release.xcconfig */,
			);
			path = Pods;
			sourceTree = "<group>";
		};
/* End PBXGroup section */

/* Begin PBXNativeTarget section */
		027580912BA5532000E7031B /* FLO-RX */ = {
			isa = PBXNativeTarget;
			buildConfigurationList = 027580BF2BA5532100E7031B /* Build configuration list for PBXNativeTarget "FLO-RX" */;
			buildPhases = (
				8ABC8ACA9716ED7C6E10E517 /* [CP] Check Pods Manifest.lock */,
				0275808E2BA5532000E7031B /* Sources */,
				0275808F2BA5532000E7031B /* Frameworks */,
				027580902BA5532000E7031B /* Resources */,
				50D512AC46D34B4672F95970 /* [CP] Embed Pods Frameworks */,
			);
			buildRules = (
			);
			dependencies = (
			);
			name = "FLO-RX";
			productName = "FLO-RX";
			productReference = 027580922BA5532000E7031B /* FLO-RX.app */;
			productType = "com.apple.product-type.application";
		};
		027580AA2BA5532100E7031B /* FLO-RXTests */ = {
			isa = PBXNativeTarget;
			buildConfigurationList = 027580C22BA5532100E7031B /* Build configuration list for PBXNativeTarget "FLO-RXTests" */;
			buildPhases = (
				C914AA81A185E9DD086C7EFA /* [CP] Check Pods Manifest.lock */,
				027580A72BA5532100E7031B /* Sources */,
				027580A82BA5532100E7031B /* Frameworks */,
				027580A92BA5532100E7031B /* Resources */,
			);
			buildRules = (
			);
			dependencies = (
				027580AD2BA5532100E7031B /* PBXTargetDependency */,
			);
			name = "FLO-RXTests";
			productName = "FLO-RXTests";
			productReference = 027580AB2BA5532100E7031B /* FLO-RXTests.xctest */;
			productType = "com.apple.product-type.bundle.unit-test";
		};
		027580B42BA5532100E7031B /* FLO-RXUITests */ = {
			isa = PBXNativeTarget;
			buildConfigurationList = 027580C52BA5532100E7031B /* Build configuration list for PBXNativeTarget "FLO-RXUITests" */;
			buildPhases = (
				16EAD3E6420B82EA233FAE03 /* [CP] Check Pods Manifest.lock */,
				027580B12BA5532100E7031B /* Sources */,
				027580B22BA5532100E7031B /* Frameworks */,
				027580B32BA5532100E7031B /* Resources */,
				92FEFD1CE3B387FE07E658FF /* [CP] Embed Pods Frameworks */,
			);
			buildRules = (
			);
			dependencies = (
				027580B72BA5532100E7031B /* PBXTargetDependency */,
			);
			name = "FLO-RXUITests";
			productName = "FLO-RXUITests";
			productReference = 027580B52BA5532100E7031B /* FLO-RXUITests.xctest */;
			productType = "com.apple.product-type.bundle.ui-testing";
		};
/* End PBXNativeTarget section */

/* Begin PBXProject section */
		0275808A2BA5532000E7031B /* Project object */ = {
			isa = PBXProject;
			attributes = {
				BuildIndependentTargetsInParallel = 1;
				LastSwiftUpdateCheck = 1500;
				LastUpgradeCheck = 1500;
				TargetAttributes = {
					027580912BA5532000E7031B = {
						CreatedOnToolsVersion = 15.0;
					};
					027580AA2BA5532100E7031B = {
						CreatedOnToolsVersion = 15.0;
						TestTargetID = 027580912BA5532000E7031B;
					};
					027580B42BA5532100E7031B = {
						CreatedOnToolsVersion = 15.0;
						TestTargetID = 027580912BA5532000E7031B;
					};
				};
			};
			buildConfigurationList = 0275808D2BA5532000E7031B /* Build configuration list for PBXProject "FLO-RX" */;
			compatibilityVersion = "Xcode 14.0";
			developmentRegion = en;
			hasScannedForEncodings = 0;
			knownRegions = (
				en,
				Base,
			);
			mainGroup = 027580892BA5532000E7031B;
			productRefGroup = 027580932BA5532000E7031B /* Products */;
			projectDirPath = "";
			projectRoot = "";
			targets = (
				027580912BA5532000E7031B /* FLO-RX */,
				027580AA2BA5532100E7031B /* FLO-RXTests */,
				027580B42BA5532100E7031B /* FLO-RXUITests */,
			);
		};
/* End PBXProject section */

/* Begin PBXResourcesBuildPhase section */
		027580902BA5532000E7031B /* Resources */ = {
			isa = PBXResourcesBuildPhase;
			buildActionMask = 2147483647;
			files = (
				027580A52BA5532100E7031B /* LaunchScreen.storyboard in Resources */,
				027580A22BA5532100E7031B /* Assets.xcassets in Resources */,
			);
			runOnlyForDeploymentPostprocessing = 0;
		};
		027580A92BA5532100E7031B /* Resources */ = {
			isa = PBXResourcesBuildPhase;
			buildActionMask = 2147483647;
			files = (
			);
			runOnlyForDeploymentPostprocessing = 0;
		};
		027580B32BA5532100E7031B /* Resources */ = {
			isa = PBXResourcesBuildPhase;
			buildActionMask = 2147483647;
			files = (
			);
			runOnlyForDeploymentPostprocessing = 0;
		};
/* End PBXResourcesBuildPhase section */

/* Begin PBXShellScriptBuildPhase section */
		16EAD3E6420B82EA233FAE03 /* [CP] Check Pods Manifest.lock */ = {
			isa = PBXShellScriptBuildPhase;
			buildActionMask = 2147483647;
			files = (
			);
			inputFileListPaths = (
			);
			inputPaths = (
				"${PODS_PODFILE_DIR_PATH}/Podfile.lock",
				"${PODS_ROOT}/Manifest.lock",
			);
			name = "[CP] Check Pods Manifest.lock";
			outputFileListPaths = (
			);
			outputPaths = (
				"$(DERIVED_FILE_DIR)/Pods-FLO-RX-FLO-RXUITests-checkManifestLockResult.txt",
			);
			runOnlyForDeploymentPostprocessing = 0;
			shellPath = /bin/sh;
			shellScript = "diff \"${PODS_PODFILE_DIR_PATH}/Podfile.lock\" \"${PODS_ROOT}/Manifest.lock\" > /dev/null\nif [ $? != 0 ] ; then\n    # print error to STDERR\n    echo \"error: The sandbox is not in sync with the Podfile.lock. Run 'pod install' or update your CocoaPods installation.\" >&2\n    exit 1\nfi\n# This output is used by Xcode 'outputs' to avoid re-running this script phase.\necho \"SUCCESS\" > \"${SCRIPT_OUTPUT_FILE_0}\"\n";
			showEnvVarsInLog = 0;
		};
		50D512AC46D34B4672F95970 /* [CP] Embed Pods Frameworks */ = {
			isa = PBXShellScriptBuildPhase;
			buildActionMask = 2147483647;
			files = (
			);
			inputFileListPaths = (
				"${PODS_ROOT}/Target Support Files/Pods-FLO-RX/Pods-FLO-RX-frameworks-${CONFIGURATION}-input-files.xcfilelist",
			);
			name = "[CP] Embed Pods Frameworks";
			outputFileListPaths = (
				"${PODS_ROOT}/Target Support Files/Pods-FLO-RX/Pods-FLO-RX-frameworks-${CONFIGURATION}-output-files.xcfilelist",
			);
			runOnlyForDeploymentPostprocessing = 0;
			shellPath = /bin/sh;
			shellScript = "\"${PODS_ROOT}/Target Support Files/Pods-FLO-RX/Pods-FLO-RX-frameworks.sh\"\n";
			showEnvVarsInLog = 0;
		};
		8ABC8ACA9716ED7C6E10E517 /* [CP] Check Pods Manifest.lock */ = {
			isa = PBXShellScriptBuildPhase;
			buildActionMask = 2147483647;
			files = (
			);
			inputFileListPaths = (
			);
			inputPaths = (
				"${PODS_PODFILE_DIR_PATH}/Podfile.lock",
				"${PODS_ROOT}/Manifest.lock",
			);
			name = "[CP] Check Pods Manifest.lock";
			outputFileListPaths = (
			);
			outputPaths = (
				"$(DERIVED_FILE_DIR)/Pods-FLO-RX-checkManifestLockResult.txt",
			);
			runOnlyForDeploymentPostprocessing = 0;
			shellPath = /bin/sh;
			shellScript = "diff \"${PODS_PODFILE_DIR_PATH}/Podfile.lock\" \"${PODS_ROOT}/Manifest.lock\" > /dev/null\nif [ $? != 0 ] ; then\n    # print error to STDERR\n    echo \"error: The sandbox is not in sync with the Podfile.lock. Run 'pod install' or update your CocoaPods installation.\" >&2\n    exit 1\nfi\n# This output is used by Xcode 'outputs' to avoid re-running this script phase.\necho \"SUCCESS\" > \"${SCRIPT_OUTPUT_FILE_0}\"\n";
			showEnvVarsInLog = 0;
		};
		92FEFD1CE3B387FE07E658FF /* [CP] Embed Pods Frameworks */ = {
			isa = PBXShellScriptBuildPhase;
			buildActionMask = 2147483647;
			files = (
			);
			inputFileListPaths = (
				"${PODS_ROOT}/Target Support Files/Pods-FLO-RX-FLO-RXUITests/Pods-FLO-RX-FLO-RXUITests-frameworks-${CONFIGURATION}-input-files.xcfilelist",
			);
			name = "[CP] Embed Pods Frameworks";
			outputFileListPaths = (
				"${PODS_ROOT}/Target Support Files/Pods-FLO-RX-FLO-RXUITests/Pods-FLO-RX-FLO-RXUITests-frameworks-${CONFIGURATION}-output-files.xcfilelist",
			);
			runOnlyForDeploymentPostprocessing = 0;
			shellPath = /bin/sh;
			shellScript = "\"${PODS_ROOT}/Target Support Files/Pods-FLO-RX-FLO-RXUITests/Pods-FLO-RX-FLO-RXUITests-frameworks.sh\"\n";
			showEnvVarsInLog = 0;
		};
		C914AA81A185E9DD086C7EFA /* [CP] Check Pods Manifest.lock */ = {
			isa = PBXShellScriptBuildPhase;
			buildActionMask = 2147483647;
			files = (
			);
			inputFileListPaths = (
			);
			inputPaths = (
				"${PODS_PODFILE_DIR_PATH}/Podfile.lock",
				"${PODS_ROOT}/Manifest.lock",
			);
			name = "[CP] Check Pods Manifest.lock";
			outputFileListPaths = (
			);
			outputPaths = (
				"$(DERIVED_FILE_DIR)/Pods-FLO-RXTests-checkManifestLockResult.txt",
			);
			runOnlyForDeploymentPostprocessing = 0;
			shellPath = /bin/sh;
			shellScript = "diff \"${PODS_PODFILE_DIR_PATH}/Podfile.lock\" \"${PODS_ROOT}/Manifest.lock\" > /dev/null\nif [ $? != 0 ] ; then\n    # print error to STDERR\n    echo \"error: The sandbox is not in sync with the Podfile.lock. Run 'pod install' or update your CocoaPods installation.\" >&2\n    exit 1\nfi\n# This output is used by Xcode 'outputs' to avoid re-running this script phase.\necho \"SUCCESS\" > \"${SCRIPT_OUTPUT_FILE_0}\"\n";
			showEnvVarsInLog = 0;
		};
/* End PBXShellScriptBuildPhase section */

/* Begin PBXSourcesBuildPhase section */
		0275808E2BA5532000E7031B /* Sources */ = {
			isa = PBXSourcesBuildPhase;
			buildActionMask = 2147483647;
			files = (
				02A34D182BAD5D3F003A78AA /* LyricsTableViewCell.swift in Sources */,
				0275809A2BA5532000E7031B /* MusicPlayViewController.swift in Sources */,
				0212CBC52BA56FBF0098D002 /* MusicRepository.swift in Sources */,
				0212CBCF2BA578C70098D002 /* MusicViewModel.swift in Sources */,
				027580962BA5532000E7031B /* AppDelegate.swift in Sources */,
				0212CBC72BA56FCB0098D002 /* MusicRepositoryImpl.swift in Sources */,
				027580982BA5532000E7031B /* SceneDelegate.swift in Sources */,
				02A34D162BAC3DA4003A78AA /* LyricsViewController.swift in Sources */,
				026843B52BA5664C005679F8 /* Music.swift in Sources */,
				0212CBC32BA56F570098D002 /* MusicRouter.swift in Sources */,
				0212CBCC2BA577EB0098D002 /* UIColor+Extension.swift in Sources */,
			);
			runOnlyForDeploymentPostprocessing = 0;
		};
		027580A72BA5532100E7031B /* Sources */ = {
			isa = PBXSourcesBuildPhase;
			buildActionMask = 2147483647;
			files = (
				027580B02BA5532100E7031B /* FLO_RXTests.swift in Sources */,
			);
			runOnlyForDeploymentPostprocessing = 0;
		};
		027580B12BA5532100E7031B /* Sources */ = {
			isa = PBXSourcesBuildPhase;
			buildActionMask = 2147483647;
			files = (
				027580BC2BA5532100E7031B /* FLO_RXUITestsLaunchTests.swift in Sources */,
				027580BA2BA5532100E7031B /* FLO_RXUITests.swift in Sources */,
			);
			runOnlyForDeploymentPostprocessing = 0;
		};
/* End PBXSourcesBuildPhase section */

/* Begin PBXTargetDependency section */
		027580AD2BA5532100E7031B /* PBXTargetDependency */ = {
			isa = PBXTargetDependency;
			target = 027580912BA5532000E7031B /* FLO-RX */;
			targetProxy = 027580AC2BA5532100E7031B /* PBXContainerItemProxy */;
		};
		027580B72BA5532100E7031B /* PBXTargetDependency */ = {
			isa = PBXTargetDependency;
			target = 027580912BA5532000E7031B /* FLO-RX */;
			targetProxy = 027580B62BA5532100E7031B /* PBXContainerItemProxy */;
		};
/* End PBXTargetDependency section */

/* Begin PBXVariantGroup section */
		027580A32BA5532100E7031B /* LaunchScreen.storyboard */ = {
			isa = PBXVariantGroup;
			children = (
				027580A42BA5532100E7031B /* Base */,
			);
			name = LaunchScreen.storyboard;
			sourceTree = "<group>";
		};
/* End PBXVariantGroup section */

/* Begin XCBuildConfiguration section */
		027580BD2BA5532100E7031B /* Debug */ = {
			isa = XCBuildConfiguration;
			buildSettings = {
				ALWAYS_SEARCH_USER_PATHS = NO;
				ASSETCATALOG_COMPILER_GENERATE_SWIFT_ASSET_SYMBOL_EXTENSIONS = YES;
				CLANG_ANALYZER_NONNULL = YES;
				CLANG_ANALYZER_NUMBER_OBJECT_CONVERSION = YES_AGGRESSIVE;
				CLANG_CXX_LANGUAGE_STANDARD = "gnu++20";
				CLANG_ENABLE_MODULES = YES;
				CLANG_ENABLE_OBJC_ARC = YES;
				CLANG_ENABLE_OBJC_WEAK = YES;
				CLANG_WARN_BLOCK_CAPTURE_AUTORELEASING = YES;
				CLANG_WARN_BOOL_CONVERSION = YES;
				CLANG_WARN_COMMA = YES;
				CLANG_WARN_CONSTANT_CONVERSION = YES;
				CLANG_WARN_DEPRECATED_OBJC_IMPLEMENTATIONS = YES;
				CLANG_WARN_DIRECT_OBJC_ISA_USAGE = YES_ERROR;
				CLANG_WARN_DOCUMENTATION_COMMENTS = YES;
				CLANG_WARN_EMPTY_BODY = YES;
				CLANG_WARN_ENUM_CONVERSION = YES;
				CLANG_WARN_INFINITE_RECURSION = YES;
				CLANG_WARN_INT_CONVERSION = YES;
				CLANG_WARN_NON_LITERAL_NULL_CONVERSION = YES;
				CLANG_WARN_OBJC_IMPLICIT_RETAIN_SELF = YES;
				CLANG_WARN_OBJC_LITERAL_CONVERSION = YES;
				CLANG_WARN_OBJC_ROOT_CLASS = YES_ERROR;
				CLANG_WARN_QUOTED_INCLUDE_IN_FRAMEWORK_HEADER = YES;
				CLANG_WARN_RANGE_LOOP_ANALYSIS = YES;
				CLANG_WARN_STRICT_PROTOTYPES = YES;
				CLANG_WARN_SUSPICIOUS_MOVE = YES;
				CLANG_WARN_UNGUARDED_AVAILABILITY = YES_AGGRESSIVE;
				CLANG_WARN_UNREACHABLE_CODE = YES;
				CLANG_WARN__DUPLICATE_METHOD_MATCH = YES;
				COPY_PHASE_STRIP = NO;
				DEBUG_INFORMATION_FORMAT = dwarf;
				ENABLE_STRICT_OBJC_MSGSEND = YES;
				ENABLE_TESTABILITY = YES;
				ENABLE_USER_SCRIPT_SANDBOXING = NO;
				GCC_C_LANGUAGE_STANDARD = gnu17;
				GCC_DYNAMIC_NO_PIC = NO;
				GCC_NO_COMMON_BLOCKS = YES;
				GCC_OPTIMIZATION_LEVEL = 0;
				GCC_PREPROCESSOR_DEFINITIONS = (
					"DEBUG=1",
					"$(inherited)",
				);
				GCC_WARN_64_TO_32_BIT_CONVERSION = YES;
				GCC_WARN_ABOUT_RETURN_TYPE = YES_ERROR;
				GCC_WARN_UNDECLARED_SELECTOR = YES;
				GCC_WARN_UNINITIALIZED_AUTOS = YES_AGGRESSIVE;
				GCC_WARN_UNUSED_FUNCTION = YES;
				GCC_WARN_UNUSED_VARIABLE = YES;
				IPHONEOS_DEPLOYMENT_TARGET = 15.0;
				LOCALIZATION_PREFERS_STRING_CATALOGS = YES;
				MTL_ENABLE_DEBUG_INFO = INCLUDE_SOURCE;
				MTL_FAST_MATH = YES;
				ONLY_ACTIVE_ARCH = YES;
				SDKROOT = iphoneos;
				SWIFT_ACTIVE_COMPILATION_CONDITIONS = "DEBUG $(inherited)";
				SWIFT_OPTIMIZATION_LEVEL = "-Onone";
			};
			name = Debug;
		};
		027580BE2BA5532100E7031B /* Release */ = {
			isa = XCBuildConfiguration;
			buildSettings = {
				ALWAYS_SEARCH_USER_PATHS = NO;
				ASSETCATALOG_COMPILER_GENERATE_SWIFT_ASSET_SYMBOL_EXTENSIONS = YES;
				CLANG_ANALYZER_NONNULL = YES;
				CLANG_ANALYZER_NUMBER_OBJECT_CONVERSION = YES_AGGRESSIVE;
				CLANG_CXX_LANGUAGE_STANDARD = "gnu++20";
				CLANG_ENABLE_MODULES = YES;
				CLANG_ENABLE_OBJC_ARC = YES;
				CLANG_ENABLE_OBJC_WEAK = YES;
				CLANG_WARN_BLOCK_CAPTURE_AUTORELEASING = YES;
				CLANG_WARN_BOOL_CONVERSION = YES;
				CLANG_WARN_COMMA = YES;
				CLANG_WARN_CONSTANT_CONVERSION = YES;
				CLANG_WARN_DEPRECATED_OBJC_IMPLEMENTATIONS = YES;
				CLANG_WARN_DIRECT_OBJC_ISA_USAGE = YES_ERROR;
				CLANG_WARN_DOCUMENTATION_COMMENTS = YES;
				CLANG_WARN_EMPTY_BODY = YES;
				CLANG_WARN_ENUM_CONVERSION = YES;
				CLANG_WARN_INFINITE_RECURSION = YES;
				CLANG_WARN_INT_CONVERSION = YES;
				CLANG_WARN_NON_LITERAL_NULL_CONVERSION = YES;
				CLANG_WARN_OBJC_IMPLICIT_RETAIN_SELF = YES;
				CLANG_WARN_OBJC_LITERAL_CONVERSION = YES;
				CLANG_WARN_OBJC_ROOT_CLASS = YES_ERROR;
				CLANG_WARN_QUOTED_INCLUDE_IN_FRAMEWORK_HEADER = YES;
				CLANG_WARN_RANGE_LOOP_ANALYSIS = YES;
				CLANG_WARN_STRICT_PROTOTYPES = YES;
				CLANG_WARN_SUSPICIOUS_MOVE = YES;
				CLANG_WARN_UNGUARDED_AVAILABILITY = YES_AGGRESSIVE;
				CLANG_WARN_UNREACHABLE_CODE = YES;
				CLANG_WARN__DUPLICATE_METHOD_MATCH = YES;
				COPY_PHASE_STRIP = NO;
				DEBUG_INFORMATION_FORMAT = "dwarf-with-dsym";
				ENABLE_NS_ASSERTIONS = NO;
				ENABLE_STRICT_OBJC_MSGSEND = YES;
				ENABLE_USER_SCRIPT_SANDBOXING = NO;
				GCC_C_LANGUAGE_STANDARD = gnu17;
				GCC_NO_COMMON_BLOCKS = YES;
				GCC_WARN_64_TO_32_BIT_CONVERSION = YES;
				GCC_WARN_ABOUT_RETURN_TYPE = YES_ERROR;
				GCC_WARN_UNDECLARED_SELECTOR = YES;
				GCC_WARN_UNINITIALIZED_AUTOS = YES_AGGRESSIVE;
				GCC_WARN_UNUSED_FUNCTION = YES;
				GCC_WARN_UNUSED_VARIABLE = YES;
				IPHONEOS_DEPLOYMENT_TARGET = 15.0;
				LOCALIZATION_PREFERS_STRING_CATALOGS = YES;
				MTL_ENABLE_DEBUG_INFO = NO;
				MTL_FAST_MATH = YES;
				SDKROOT = iphoneos;
				SWIFT_COMPILATION_MODE = wholemodule;
				VALIDATE_PRODUCT = YES;
			};
			name = Release;
		};
		027580C02BA5532100E7031B /* Debug */ = {
			isa = XCBuildConfiguration;
			baseConfigurationReference = DE41BF7D6BD1683650835582 /* Pods-FLO-RX.debug.xcconfig */;
			buildSettings = {
				ASSETCATALOG_COMPILER_APPICON_NAME = AppIcon;
				ASSETCATALOG_COMPILER_GLOBAL_ACCENT_COLOR_NAME = AccentColor;
				CODE_SIGN_STYLE = Automatic;
				CURRENT_PROJECT_VERSION = 1;
				DEVELOPMENT_TEAM = BFTA9SX898;
				GENERATE_INFOPLIST_FILE = YES;
				INFOPLIST_FILE = "FLO-RX/Info.plist";
				INFOPLIST_KEY_UIApplicationSupportsIndirectInputEvents = YES;
				INFOPLIST_KEY_UILaunchStoryboardName = LaunchScreen;
				INFOPLIST_KEY_UISupportedInterfaceOrientations_iPad = "UIInterfaceOrientationPortrait UIInterfaceOrientationPortraitUpsideDown UIInterfaceOrientationLandscapeLeft UIInterfaceOrientationLandscapeRight";
				INFOPLIST_KEY_UISupportedInterfaceOrientations_iPhone = "UIInterfaceOrientationPortrait UIInterfaceOrientationLandscapeLeft UIInterfaceOrientationLandscapeRight";
				IPHONEOS_DEPLOYMENT_TARGET = 15.0;
				LD_RUNPATH_SEARCH_PATHS = (
					"$(inherited)",
					"@executable_path/Frameworks",
				);
				MARKETING_VERSION = 1.0;
				PRODUCT_BUNDLE_IDENTIFIER = "com.sangjun.FLO-RX";
				PRODUCT_NAME = "$(TARGET_NAME)";
				SWIFT_EMIT_LOC_STRINGS = YES;
				SWIFT_VERSION = 5.0;
				TARGETED_DEVICE_FAMILY = "1,2";
			};
			name = Debug;
		};
		027580C12BA5532100E7031B /* Release */ = {
			isa = XCBuildConfiguration;
			baseConfigurationReference = 417BEBFD74EAC0CCB932CA07 /* Pods-FLO-RX.release.xcconfig */;
			buildSettings = {
				ASSETCATALOG_COMPILER_APPICON_NAME = AppIcon;
				ASSETCATALOG_COMPILER_GLOBAL_ACCENT_COLOR_NAME = AccentColor;
				CODE_SIGN_STYLE = Automatic;
				CURRENT_PROJECT_VERSION = 1;
				DEVELOPMENT_TEAM = BFTA9SX898;
				GENERATE_INFOPLIST_FILE = YES;
				INFOPLIST_FILE = "FLO-RX/Info.plist";
				INFOPLIST_KEY_UIApplicationSupportsIndirectInputEvents = YES;
				INFOPLIST_KEY_UILaunchStoryboardName = LaunchScreen;
				INFOPLIST_KEY_UISupportedInterfaceOrientations_iPad = "UIInterfaceOrientationPortrait UIInterfaceOrientationPortraitUpsideDown UIInterfaceOrientationLandscapeLeft UIInterfaceOrientationLandscapeRight";
				INFOPLIST_KEY_UISupportedInterfaceOrientations_iPhone = "UIInterfaceOrientationPortrait UIInterfaceOrientationLandscapeLeft UIInterfaceOrientationLandscapeRight";
				IPHONEOS_DEPLOYMENT_TARGET = 15.0;
				LD_RUNPATH_SEARCH_PATHS = (
					"$(inherited)",
					"@executable_path/Frameworks",
				);
				MARKETING_VERSION = 1.0;
				PRODUCT_BUNDLE_IDENTIFIER = "com.sangjun.FLO-RX";
				PRODUCT_NAME = "$(TARGET_NAME)";
				SWIFT_EMIT_LOC_STRINGS = YES;
				SWIFT_VERSION = 5.0;
				TARGETED_DEVICE_FAMILY = "1,2";
			};
			name = Release;
		};
		027580C32BA5532100E7031B /* Debug */ = {
			isa = XCBuildConfiguration;
			baseConfigurationReference = D555703BDAC11F81AFEF148D /* Pods-FLO-RXTests.debug.xcconfig */;
			buildSettings = {
				ALWAYS_EMBED_SWIFT_STANDARD_LIBRARIES = YES;
				BUNDLE_LOADER = "$(TEST_HOST)";
				CODE_SIGN_STYLE = Automatic;
				CURRENT_PROJECT_VERSION = 1;
				DEVELOPMENT_TEAM = BFTA9SX898;
				GENERATE_INFOPLIST_FILE = YES;
				IPHONEOS_DEPLOYMENT_TARGET = 17.0;
				MARKETING_VERSION = 1.0;
				PRODUCT_BUNDLE_IDENTIFIER = "com.sangjun.FLO-RXTests";
				PRODUCT_NAME = "$(TARGET_NAME)";
				SWIFT_EMIT_LOC_STRINGS = NO;
				SWIFT_VERSION = 5.0;
				TARGETED_DEVICE_FAMILY = "1,2";
				TEST_HOST = "$(BUILT_PRODUCTS_DIR)/FLO-RX.app/$(BUNDLE_EXECUTABLE_FOLDER_PATH)/FLO-RX";
			};
			name = Debug;
		};
		027580C42BA5532100E7031B /* Release */ = {
			isa = XCBuildConfiguration;
			baseConfigurationReference = 7B9FDABA0A3E70A3CD13E052 /* Pods-FLO-RXTests.release.xcconfig */;
			buildSettings = {
				ALWAYS_EMBED_SWIFT_STANDARD_LIBRARIES = YES;
				BUNDLE_LOADER = "$(TEST_HOST)";
				CODE_SIGN_STYLE = Automatic;
				CURRENT_PROJECT_VERSION = 1;
				DEVELOPMENT_TEAM = BFTA9SX898;
				GENERATE_INFOPLIST_FILE = YES;
				IPHONEOS_DEPLOYMENT_TARGET = 17.0;
				MARKETING_VERSION = 1.0;
				PRODUCT_BUNDLE_IDENTIFIER = "com.sangjun.FLO-RXTests";
				PRODUCT_NAME = "$(TARGET_NAME)";
				SWIFT_EMIT_LOC_STRINGS = NO;
				SWIFT_VERSION = 5.0;
				TARGETED_DEVICE_FAMILY = "1,2";
				TEST_HOST = "$(BUILT_PRODUCTS_DIR)/FLO-RX.app/$(BUNDLE_EXECUTABLE_FOLDER_PATH)/FLO-RX";
			};
			name = Release;
		};
		027580C62BA5532100E7031B /* Debug */ = {
			isa = XCBuildConfiguration;
			baseConfigurationReference = D1B2025F3186316F85159D20 /* Pods-FLO-RX-FLO-RXUITests.debug.xcconfig */;
			buildSettings = {
				ALWAYS_EMBED_SWIFT_STANDARD_LIBRARIES = YES;
				CODE_SIGN_STYLE = Automatic;
				CURRENT_PROJECT_VERSION = 1;
				DEVELOPMENT_TEAM = BFTA9SX898;
				GENERATE_INFOPLIST_FILE = YES;
				MARKETING_VERSION = 1.0;
				PRODUCT_BUNDLE_IDENTIFIER = "com.sangjun.FLO-RXUITests";
				PRODUCT_NAME = "$(TARGET_NAME)";
				SWIFT_EMIT_LOC_STRINGS = NO;
				SWIFT_VERSION = 5.0;
				TARGETED_DEVICE_FAMILY = "1,2";
				TEST_TARGET_NAME = "FLO-RX";
			};
			name = Debug;
		};
		027580C72BA5532100E7031B /* Release */ = {
			isa = XCBuildConfiguration;
			baseConfigurationReference = 4788AC1C7112EF08178362C2 /* Pods-FLO-RX-FLO-RXUITests.release.xcconfig */;
			buildSettings = {
				ALWAYS_EMBED_SWIFT_STANDARD_LIBRARIES = YES;
				CODE_SIGN_STYLE = Automatic;
				CURRENT_PROJECT_VERSION = 1;
				DEVELOPMENT_TEAM = BFTA9SX898;
				GENERATE_INFOPLIST_FILE = YES;
				MARKETING_VERSION = 1.0;
				PRODUCT_BUNDLE_IDENTIFIER = "com.sangjun.FLO-RXUITests";
				PRODUCT_NAME = "$(TARGET_NAME)";
				SWIFT_EMIT_LOC_STRINGS = NO;
				SWIFT_VERSION = 5.0;
				TARGETED_DEVICE_FAMILY = "1,2";
				TEST_TARGET_NAME = "FLO-RX";
			};
			name = Release;
		};
/* End XCBuildConfiguration section */

/* Begin XCConfigurationList section */
		0275808D2BA5532000E7031B /* Build configuration list for PBXProject "FLO-RX" */ = {
			isa = XCConfigurationList;
			buildConfigurations = (
				027580BD2BA5532100E7031B /* Debug */,
				027580BE2BA5532100E7031B /* Release */,
			);
			defaultConfigurationIsVisible = 0;
			defaultConfigurationName = Release;
		};
		027580BF2BA5532100E7031B /* Build configuration list for PBXNativeTarget "FLO-RX" */ = {
			isa = XCConfigurationList;
			buildConfigurations = (
				027580C02BA5532100E7031B /* Debug */,
				027580C12BA5532100E7031B /* Release */,
			);
			defaultConfigurationIsVisible = 0;
			defaultConfigurationName = Release;
		};
		027580C22BA5532100E7031B /* Build configuration list for PBXNativeTarget "FLO-RXTests" */ = {
			isa = XCConfigurationList;
			buildConfigurations = (
				027580C32BA5532100E7031B /* Debug */,
				027580C42BA5532100E7031B /* Release */,
			);
			defaultConfigurationIsVisible = 0;
			defaultConfigurationName = Release;
		};
		027580C52BA5532100E7031B /* Build configuration list for PBXNativeTarget "FLO-RXUITests" */ = {
			isa = XCConfigurationList;
			buildConfigurations = (
				027580C62BA5532100E7031B /* Debug */,
				027580C72BA5532100E7031B /* Release */,
			);
			defaultConfigurationIsVisible = 0;
			defaultConfigurationName = Release;
		};
/* End XCConfigurationList section */
	};
	rootObject = 0275808A2BA5532000E7031B /* Project object */;
}
